
Microsoft Visual Studio Solution File, Format Version 12.00
# Visual Studio Version 17
VisualStudioVersion = 17.3.32819.101
MinimumVisualStudioVersion = 10.0.40219.1
Project("{FAE04EC0-301F-11D3-BF4B-00C04F79EFBC}") = "Algorithms_DataStructures_Labs", "Algorithms_DataSstructures_Labs\Algorithms_DataStructures_Labs.csproj", "{E91C2CBB-6F38-4982-9721-A00412CF761E}"
EndProject
Global
	GlobalSection(SolutionConfigurationPlatforms) = preSolution
		Debug|Any CPU = Debug|Any CPU
		Release|Any CPU = Release|Any CPU
	EndGlobalSection
	GlobalSection(ProjectConfigurationPlatforms) = postSolution
		{E91C2CBB-6F38-4982-9721-A00412CF761E}.Debug|Any CPU.ActiveCfg = Debug|Any CPU
		{E91C2CBB-6F38-4982-9721-A00412CF761E}.Debug|Any CPU.Build.0 = Debug|Any CPU
		{E91C2CBB-6F38-4982-9721-A00412CF761E}.Release|Any CPU.ActiveCfg = Release|Any CPU
		{E91C2CBB-6F38-4982-9721-A00412CF761E}.Release|Any CPU.Build.0 = Release|Any CPU
	EndGlobalSection
	GlobalSection(SolutionProperties) = preSolution
		HideSolutionNode = FALSE
	EndGlobalSection
	GlobalSection(ExtensibilityGlobals) = postSolution
		SolutionGuid = {CACF5DCA-215F-4B7D-AD6F-8ECC0E577EE1}
	EndGlobalSection
EndGlobal
